%{
  "global_flags": {:hex, :global_flags, "1.0.0", "ee6b864979a1fb38d1fbc67838565644baf632212bce864adca21042df036433", [:rebar3], [], "hexpm", "85d944cecd0f8f96b20ce70b5b16ebccedfcd25e744376b131e89ce61ba93176"},
  "jason": {:hex, :jason, "1.2.1", "12b22825e22f468c02eb3e4b9985f3d0cb8dc40b9bd704730efa11abd2708c44", [:mix], [{:decimal, "~> 1.0", [hex: :decimal, repo: "hexpm", optional: true]}], "hexpm", "b659b8571deedf60f79c5a608e15414085fa141344e2716fbd6988a084b5f993"},
  "libcluster": {:hex, :libcluster, "3.2.1", "b2cd5b447cde25d5897749bee6f7aaeb6c96ac379481024e9b6ba495dabeb97d", [:mix], [{:jason, "~> 1.1", [hex: :jason, repo: "hexpm", optional: false]}], "hexpm", "89f225612d135edce9def56f43bf18d575d88ac4680e3f6161283f2e55cadca4"},
  "local_cluster": {:hex, :local_cluster, "1.1.0", "a2a0e3e965aa1549939108066bfa537ce89f0107917f5b0260153e2fdb304116", [:mix], [{:global_flags, "~> 1.0", [hex: :global_flags, repo: "hexpm", optional: false]}], "hexpm", "fef6476083cf6f4c0526bb682de7ff75cd8b4bd4b7e20b3be60c1dab05f28ca7"},
  "schism": {:hex, :schism, "1.0.1", "b700883b4023b06faa5ab4add3aba5706877feb0a3dcfe8127b5dfeefe2513a5", [:mix], [], "hexpm", "23080d2e0b4490eb2e207c8fee71d34bc0e58cc4f0f6879ca06b8fabe0c531ca"},
}
